
Microsoft Visual Studio Solution File, Format Version 12.00
# Visual Studio 14
VisualStudioVersion = 14.0.23107.0
MinimumVisualStudioVersion = 10.0.40219.1
Project("{FAE04EC0-301F-11D3-BF4B-00C04F79EFBC}") = "Model", "Model\Model.csproj", "{9622BBF5-C060-4853-AA26-2497AD69ACB3}"
EndProject
Project("{FAE04EC0-301F-11D3-BF4B-00C04F79EFBC}") = "DAL", "DAL\DAL.csproj", "{92460800-1141-4B6F-9195-F3E9751B9845}"
EndProject
Project("{FAE04EC0-301F-11D3-BF4B-00C04F79EFBC}") = "BLL", "BLL\BLL.csproj", "{764A7923-24C9-48BA-A628-0AF87FD70C68}"
EndProject
Project("{FAE04EC0-301F-11D3-BF4B-00C04F79EFBC}") = "WinF", "WinF\WinF.csproj", "{09B4A8E3-5A3D-4135-AB3B-72749B32E16E}"
EndProject
Global
	GlobalSection(SolutionConfigurationPlatforms) = preSolution
		Debug|Any CPU = Debug|Any CPU
		Release|Any CPU = Release|Any CPU
	EndGlobalSection
	GlobalSection(ProjectConfigurationPlatforms) = postSolution
		{9622BBF5-C060-4853-AA26-2497AD69ACB3}.Debug|Any CPU.ActiveCfg = Debug|Any CPU
		{9622BBF5-C060-4853-AA26-2497AD69ACB3}.Debug|Any CPU.Build.0 = Debug|Any CPU
		{9622BBF5-C060-4853-AA26-2497AD69ACB3}.Release|Any CPU.ActiveCfg = Release|Any CPU
		{9622BBF5-C060-4853-AA26-2497AD69ACB3}.Release|Any CPU.Build.0 = Release|Any CPU
		{92460800-1141-4B6F-9195-F3E9751B9845}.Debug|Any CPU.ActiveCfg = Debug|Any CPU
		{92460800-1141-4B6F-9195-F3E9751B9845}.Debug|Any CPU.Build.0 = Debug|Any CPU
		{92460800-1141-4B6F-9195-F3E9751B9845}.Release|Any CPU.ActiveCfg = Release|Any CPU
		{92460800-1141-4B6F-9195-F3E9751B9845}.Release|Any CPU.Build.0 = Release|Any CPU
		{764A7923-24C9-48BA-A628-0AF87FD70C68}.Debug|Any CPU.ActiveCfg = Debug|Any CPU
		{764A7923-24C9-48BA-A628-0AF87FD70C68}.Debug|Any CPU.Build.0 = Debug|Any CPU
		{764A7923-24C9-48BA-A628-0AF87FD70C68}.Release|Any CPU.ActiveCfg = Release|Any CPU
		{764A7923-24C9-48BA-A628-0AF87FD70C68}.Release|Any CPU.Build.0 = Release|Any CPU
		{09B4A8E3-5A3D-4135-AB3B-72749B32E16E}.Debug|Any CPU.ActiveCfg = Debug|Any CPU
		{09B4A8E3-5A3D-4135-AB3B-72749B32E16E}.Debug|Any CPU.Build.0 = Debug|Any CPU
		{09B4A8E3-5A3D-4135-AB3B-72749B32E16E}.Release|Any CPU.ActiveCfg = Release|Any CPU
		{09B4A8E3-5A3D-4135-AB3B-72749B32E16E}.Release|Any CPU.Build.0 = Release|Any CPU
	EndGlobalSection
	GlobalSection(SolutionProperties) = preSolution
		HideSolutionNode = FALSE
	EndGlobalSection
EndGlobal
